
Microsoft Visual Studio Solution File, Format Version 12.00
# Visual Studio 15
VisualStudioVersion = 15.0.27703.2026
MinimumVisualStudioVersion = 10.0.40219.1
Project("{FAE04EC0-301F-11D3-BF4B-00C04F79EFBC}") = "TileBasedRPG", "TileBasedRPG\TileBasedRPG.csproj", "{D41F832B-71A3-493B-8C30-CBC68DB150AE}"
EndProject
Global
	GlobalSection(SolutionConfigurationPlatforms) = preSolution
		Debug|Any CPU = Debug|Any CPU
		Release|Any CPU = Release|Any CPU
	EndGlobalSection
	GlobalSection(ProjectConfigurationPlatforms) = postSolution
		{D41F832B-71A3-493B-8C30-CBC68DB150AE}.Debug|Any CPU.ActiveCfg = Debug|Any CPU
		{D41F832B-71A3-493B-8C30-CBC68DB150AE}.Debug|Any CPU.Build.0 = Debug|Any CPU
		{D41F832B-71A3-493B-8C30-CBC68DB150AE}.Release|Any CPU.ActiveCfg = Release|Any CPU
		{D41F832B-71A3-493B-8C30-CBC68DB150AE}.Release|Any CPU.Build.0 = Release|Any CPU
	EndGlobalSection
	GlobalSection(SolutionProperties) = preSolution
		HideSolutionNode = FALSE
	EndGlobalSection
	GlobalSection(ExtensibilityGlobals) = postSolution
		SolutionGuid = {D2843ADE-DEEB-40E5-8AFE-0E7B9686570A}
	EndGlobalSection
EndGlobal
